
Microsoft Visual Studio Solution File, Format Version 12.00
# Visual Studio Version 16
VisualStudioVersion = 16.0.30011.22
MinimumVisualStudioVersion = 10.0.40219.1
Project("{9A19103F-16F7-4668-BE54-9A1E7A4F7556}") = "UDP Stun Client", "UDP Stun Client\UDP Stun Client.csproj", "{1F6A4924-7246-4646-95D1-C6EC14057840}"
EndProject
Project("{9A19103F-16F7-4668-BE54-9A1E7A4F7556}") = "STUN", "STUN\STUN.csproj", "{F1BA10BA-52DC-408B-8FFB-B1ECEB9BDC63}"
EndProject
Project("{FAE04EC0-301F-11D3-BF4B-00C04F79EFBC}") = "TCP Stun Client", "TCP Stun Client\TCP Stun Client.csproj", "{A9DDA2DF-6F11-483B-930B-F93B0D1D215D}"
EndProject
Global
	GlobalSection(SolutionConfigurationPlatforms) = preSolution
		Debug|Any CPU = Debug|Any CPU
		Release|Any CPU = Release|Any CPU
	EndGlobalSection
	GlobalSection(ProjectConfigurationPlatforms) = postSolution
		{1F6A4924-7246-4646-95D1-C6EC14057840}.Debug|Any CPU.ActiveCfg = Debug|Any CPU
		{1F6A4924-7246-4646-95D1-C6EC14057840}.Debug|Any CPU.Build.0 = Debug|Any CPU
		{1F6A4924-7246-4646-95D1-C6EC14057840}.Release|Any CPU.ActiveCfg = Release|Any CPU
		{1F6A4924-7246-4646-95D1-C6EC14057840}.Release|Any CPU.Build.0 = Release|Any CPU
		{F1BA10BA-52DC-408B-8FFB-B1ECEB9BDC63}.Debug|Any CPU.ActiveCfg = Debug|Any CPU
		{F1BA10BA-52DC-408B-8FFB-B1ECEB9BDC63}.Debug|Any CPU.Build.0 = Debug|Any CPU
		{F1BA10BA-52DC-408B-8FFB-B1ECEB9BDC63}.Release|Any CPU.ActiveCfg = Release|Any CPU
		{F1BA10BA-52DC-408B-8FFB-B1ECEB9BDC63}.Release|Any CPU.Build.0 = Release|Any CPU
		{A9DDA2DF-6F11-483B-930B-F93B0D1D215D}.Debug|Any CPU.ActiveCfg = Debug|Any CPU
		{A9DDA2DF-6F11-483B-930B-F93B0D1D215D}.Debug|Any CPU.Build.0 = Debug|Any CPU
		{A9DDA2DF-6F11-483B-930B-F93B0D1D215D}.Release|Any CPU.ActiveCfg = Release|Any CPU
		{A9DDA2DF-6F11-483B-930B-F93B0D1D215D}.Release|Any CPU.Build.0 = Release|Any CPU
	EndGlobalSection
	GlobalSection(SolutionProperties) = preSolution
		HideSolutionNode = FALSE
	EndGlobalSection
	GlobalSection(ExtensibilityGlobals) = postSolution
		SolutionGuid = {B6B1F65D-4B62-4251-A22F-9877EB7440E0}
	EndGlobalSection
EndGlobal
